// !$*UTF8*$!
{
	archiveVersion = 1;
	classes = {
	};
	objectVersion = 46;
	objects = {

/* Begin PBXBuildFile section */
		4625496F1E67944200077B34 /* AppDelegate.swift in Sources */ = {isa = PBXBuildFile; fileRef = 4625496E1E67944200077B34 /* AppDelegate.swift */; };
		462549711E67944200077B34 /* ViewController.swift in Sources */ = {isa = PBXBuildFile; fileRef = 462549701E67944200077B34 /* ViewController.swift */; };
		462549741E67944200077B34 /* Main.storyboard in Resources */ = {isa = PBXBuildFile; fileRef = 462549721E67944200077B34 /* Main.storyboard */; };
		462549761E67944200077B34 /* Assets.xcassets in Resources */ = {isa = PBXBuildFile; fileRef = 462549751E67944200077B34 /* Assets.xcassets */; };
		462549791E67944200077B34 /* LaunchScreen.storyboard in Resources */ = {isa = PBXBuildFile; fileRef = 462549771E67944200077B34 /* LaunchScreen.storyboard */; };
		462549841E67944200077B34 /* ClubTests.swift in Sources */ = {isa = PBXBuildFile; fileRef = 462549831E67944200077B34 /* ClubTests.swift */; };
		4625498F1E67944200077B34 /* ClubUITests.swift in Sources */ = {isa = PBXBuildFile; fileRef = 4625498E1E67944200077B34 /* ClubUITests.swift */; };
/* End PBXBuildFile section */

/* Begin PBXContainerItemProxy section */
		462549801E67944200077B34 /* PBXContainerItemProxy */ = {
			isa = PBXContainerItemProxy;
			containerPortal = 462549631E67944200077B34 /* Project object */;
			proxyType = 1;
			remoteGlobalIDString = 4625496A1E67944200077B34;
			remoteInfo = Club;
		};
		4625498B1E67944200077B34 /* PBXContainerItemProxy */ = {
			isa = PBXContainerItemProxy;
			containerPortal = 462549631E67944200077B34 /* Project object */;
			proxyType = 1;
			remoteGlobalIDString = 4625496A1E67944200077B34;
			remoteInfo = Club;
		};
/* End PBXContainerItemProxy section */

/* Begin PBXFileReference section */
		4625496B1E67944200077B34 /* Club.app */ = {isa = PBXFileReference; explicitFileType = wrapper.application; includeInIndex = 0; path = Club.app; sourceTree = BUILT_PRODUCTS_DIR; };
		4625496E1E67944200077B34 /* AppDelegate.swift */ = {isa = PBXFileReference; lastKnownFileType = sourcecode.swift; path = AppDelegate.swift; sourceTree = "<group>"; };
		462549701E67944200077B34 /* ViewController.swift */ = {isa = PBXFileReference; lastKnownFileType = sourcecode.swift; path = ViewController.swift; sourceTree = "<group>"; };
		462549731E67944200077B34 /* Base */ = {isa = PBXFileReference; lastKnownFileType = file.storyboard; name = Base; path = Base.lproj/Main.storyboard; sourceTree = "<group>"; };
		462549751E67944200077B34 /* Assets.xcassets */ = {isa = PBXFileReference; lastKnownFileType = folder.assetcatalog; path = Assets.xcassets; sourceTree = "<group>"; };
		462549781E67944200077B34 /* Base */ = {isa = PBXFileReference; lastKnownFileType = file.storyboard; name = Base; path = Base.lproj/LaunchScreen.storyboard; sourceTree = "<group>"; };
		4625497A1E67944200077B34 /* Info.plist */ = {isa = PBXFileReference; lastKnownFileType = text.plist.xml; path = Info.plist; sourceTree = "<group>"; };
		4625497F1E67944200077B34 /* ClubTests.xctest */ = {isa = PBXFileReference; explicitFileType = wrapper.cfbundle; includeInIndex = 0; path = ClubTests.xctest; sourceTree = BUILT_PRODUCTS_DIR; };
		462549831E67944200077B34 /* ClubTests.swift */ = {isa = PBXFileReference; lastKnownFileType = sourcecode.swift; path = ClubTests.swift; sourceTree = "<group>"; };
		462549851E67944200077B34 /* Info.plist */ = {isa = PBXFileReference; lastKnownFileType = text.plist.xml; path = Info.plist; sourceTree = "<group>"; };
		4625498A1E67944200077B34 /* ClubUITests.xctest */ = {isa = PBXFileReference; explicitFileType = wrapper.cfbundle; includeInIndex = 0; path = ClubUITests.xctest; sourceTree = BUILT_PRODUCTS_DIR; };
		4625498E1E67944200077B34 /* ClubUITests.swift */ = {isa = PBXFileReference; lastKnownFileType = sourcecode.swift; path = ClubUITests.swift; sourceTree = "<group>"; };
		462549901E67944200077B34 /* Info.plist */ = {isa = PBXFileReference; lastKnownFileType = text.plist.xml; path = Info.plist; sourceTree = "<group>"; };
/* End PBXFileReference section */

/* Begin PBXFrameworksBuildPhase section */
		462549681E67944200077B34 /* Frameworks */ = {
			isa = PBXFrameworksBuildPhase;
			buildActionMask = 2147483647;
			files = (
			);
			runOnlyForDeploymentPostprocessing = 0;
		};
		4625497C1E67944200077B34 /* Frameworks */ = {
			isa = PBXFrameworksBuildPhase;
			buildActionMask = 2147483647;
			files = (
			);
			runOnlyForDeploymentPostprocessing = 0;
		};
		462549871E67944200077B34 /* Frameworks */ = {
			isa = PBXFrameworksBuildPhase;
			buildActionMask = 2147483647;
			files = (
			);
			runOnlyForDeploymentPostprocessing = 0;
		};
/* End PBXFrameworksBuildPhase section */

/* Begin PBXGroup section */
		462549621E67944200077B34 = {
			isa = PBXGroup;
			children = (
				4625496D1E67944200077B34 /* Club */,
				462549821E67944200077B34 /* ClubTests */,
				4625498D1E67944200077B34 /* ClubUITests */,
				4625496C1E67944200077B34 /* Products */,
			);
			sourceTree = "<group>";
		};
		4625496C1E67944200077B34 /* Products */ = {
			isa = PBXGroup;
			children = (
				4625496B1E67944200077B34 /* Club.app */,
				4625497F1E67944200077B34 /* ClubTests.xctest */,
				4625498A1E67944200077B34 /* ClubUITests.xctest */,
			);
			name = Products;
			sourceTree = "<group>";
		};
		4625496D1E67944200077B34 /* Club */ = {
			isa = PBXGroup;
			children = (
				4625496E1E67944200077B34 /* AppDelegate.swift */,
				462549701E67944200077B34 /* ViewController.swift */,
				462549721E67944200077B34 /* Main.storyboard */,
				462549751E67944200077B34 /* Assets.xcassets */,
				462549771E67944200077B34 /* LaunchScreen.storyboard */,
				4625497A1E67944200077B34 /* Info.plist */,
			);
			path = Club;
			sourceTree = "<group>";
		};
		462549821E67944200077B34 /* ClubTests */ = {
			isa = PBXGroup;
			children = (
				462549831E67944200077B34 /* ClubTests.swift */,
				462549851E67944200077B34 /* Info.plist */,
			);
			path = ClubTests;
			sourceTree = "<group>";
		};
		4625498D1E67944200077B34 /* ClubUITests */ = {
			isa = PBXGroup;
			children = (
				4625498E1E67944200077B34 /* ClubUITests.swift */,
				462549901E67944200077B34 /* Info.plist */,
			);
			path = ClubUITests;
			sourceTree = "<group>";
		};
/* End PBXGroup section */

/* Begin PBXNativeTarget section */
		4625496A1E67944200077B34 /* Club */ = {
			isa = PBXNativeTarget;
			buildConfigurationList = 462549931E67944200077B34 /* Build configuration list for PBXNativeTarget "Club" */;
			buildPhases = (
				462549671E67944200077B34 /* Sources */,
				462549681E67944200077B34 /* Frameworks */,
				462549691E67944200077B34 /* Resources */,
			);
			buildRules = (
			);
			dependencies = (
			);
			name = Club;
			productName = Club;
			productReference = 4625496B1E67944200077B34 /* Club.app */;
			productType = "com.apple.product-type.application";
		};
		4625497E1E67944200077B34 /* ClubTests */ = {
			isa = PBXNativeTarget;
			buildConfigurationList = 462549961E67944200077B34 /* Build configuration list for PBXNativeTarget "ClubTests" */;
			buildPhases = (
				4625497B1E67944200077B34 /* Sources */,
				4625497C1E67944200077B34 /* Frameworks */,
				4625497D1E67944200077B34 /* Resources */,
			);
			buildRules = (
			);
			dependencies = (
				462549811E67944200077B34 /* PBXTargetDependency */,
			);
			name = ClubTests;
			productName = ClubTests;
			productReference = 4625497F1E67944200077B34 /* ClubTests.xctest */;
			productType = "com.apple.product-type.bundle.unit-test";
		};
		462549891E67944200077B34 /* ClubUITests */ = {
			isa = PBXNativeTarget;
			buildConfigurationList = 462549991E67944200077B34 /* Build configuration list for PBXNativeTarget "ClubUITests" */;
			buildPhases = (
				462549861E67944200077B34 /* Sources */,
				462549871E67944200077B34 /* Frameworks */,
				462549881E67944200077B34 /* Resources */,
			);
			buildRules = (
			);
			dependencies = (
				4625498C1E67944200077B34 /* PBXTargetDependency */,
			);
			name = ClubUITests;
			productName = ClubUITests;
			productReference = 4625498A1E67944200077B34 /* ClubUITests.xctest */;
			productType = "com.apple.product-type.bundle.ui-testing";
		};
/* End PBXNativeTarget section */

/* Begin PBXProject section */
		462549631E67944200077B34 /* Project object */ = {
			isa = PBXProject;
			attributes = {
				LastSwiftUpdateCheck = 0820;
				LastUpgradeCheck = 0820;
				ORGANIZATIONNAME = "Youssef Elabd";
				TargetAttributes = {
					4625496A1E67944200077B34 = {
						CreatedOnToolsVersion = 8.2.1;
						ProvisioningStyle = Automatic;
					};
					4625497E1E67944200077B34 = {
						CreatedOnToolsVersion = 8.2.1;
						ProvisioningStyle = Automatic;
						TestTargetID = 4625496A1E67944200077B34;
					};
					462549891E67944200077B34 = {
						CreatedOnToolsVersion = 8.2.1;
						ProvisioningStyle = Automatic;
						TestTargetID = 4625496A1E67944200077B34;
					};
				};
			};
			buildConfigurationList = 462549661E67944200077B34 /* Build configuration list for PBXProject "Club" */;
			compatibilityVersion = "Xcode 3.2";
			developmentRegion = English;
			hasScannedForEncodings = 0;
			knownRegions = (
				en,
				Base,
			);
			mainGroup = 462549621E67944200077B34;
			productRefGroup = 4625496C1E67944200077B34 /* Products */;
			projectDirPath = "";
			projectRoot = "";
			targets = (
				4625496A1E67944200077B34 /* Club */,
				4625497E1E67944200077B34 /* ClubTests */,
				462549891E67944200077B34 /* ClubUITests */,
			);
		};
/* End PBXProject section */

/* Begin PBXResourcesBuildPhase section */
		462549691E67944200077B34 /* Resources */ = {
			isa = PBXResourcesBuildPhase;
			buildActionMask = 2147483647;
			files = (
				462549791E67944200077B34 /* LaunchScreen.storyboard in Resources */,
				462549761E67944200077B34 /* Assets.xcassets in Resources */,
				462549741E67944200077B34 /* Main.storyboard in Resources */,
			);
			runOnlyForDeploymentPostprocessing = 0;
		};
		4625497D1E67944200077B34 /* Resources */ = {
			isa = PBXResourcesBuildPhase;
			buildActionMask = 2147483647;
			files = (
			);
			runOnlyForDeploymentPostprocessing = 0;
		};
		462549881E67944200077B34 /* Resources */ = {
			isa = PBXResourcesBuildPhase;
			buildActionMask = 2147483647;
			files = (
			);
			runOnlyForDeploymentPostprocessing = 0;
		};
/* End PBXResourcesBuildPhase section */

/* Begin PBXSourcesBuildPhase section */
		462549671E67944200077B34 /* Sources */ = {
			isa = PBXSourcesBuildPhase;
			buildActionMask = 2147483647;
			files = (
				462549711E67944200077B34 /* ViewController.swift in Sources */,
				4625496F1E67944200077B34 /* AppDelegate.swift in Sources */,
			);
			runOnlyForDeploymentPostprocessing = 0;
		};
		4625497B1E67944200077B34 /* Sources */ = {
			isa = PBXSourcesBuildPhase;
			buildActionMask = 2147483647;
			files = (
				462549841E67944200077B34 /* ClubTests.swift in Sources */,
			);
			runOnlyForDeploymentPostprocessing = 0;
		};
		462549861E67944200077B34 /* Sources */ = {
			isa = PBXSourcesBuildPhase;
			buildActionMask = 2147483647;
			files = (
				4625498F1E67944200077B34 /* ClubUITests.swift in Sources */,
			);
			runOnlyForDeploymentPostprocessing = 0;
		};
/* End PBXSourcesBuildPhase section */

/* Begin PBXTargetDependency section */
		462549811E67944200077B34 /* PBXTargetDependency */ = {
			isa = PBXTargetDependency;
			target = 4625496A1E67944200077B34 /* Club */;
			targetProxy = 462549801E67944200077B34 /* PBXContainerItemProxy */;
		};
		4625498C1E67944200077B34 /* PBXTargetDependency */ = {
			isa = PBXTargetDependency;
			target = 4625496A1E67944200077B34 /* Club */;
			targetProxy = 4625498B1E67944200077B34 /* PBXContainerItemProxy */;
		};
/* End PBXTargetDependency section */

/* Begin PBXVariantGroup section */
		462549721E67944200077B34 /* Main.storyboard */ = {
			isa = PBXVariantGroup;
			children = (
				462549731E67944200077B34 /* Base */,
			);
			name = Main.storyboard;
			sourceTree = "<group>";
		};
		462549771E67944200077B34 /* LaunchScreen.storyboard */ = {
			isa = PBXVariantGroup;
			children = (
				462549781E67944200077B34 /* Base */,
			);
			name = LaunchScreen.storyboard;
			sourceTree = "<group>";
		};
/* End PBXVariantGroup section */

/* Begin XCBuildConfiguration section */
		462549911E67944200077B34 /* Debug */ = {
			isa = XCBuildConfiguration;
			buildSettings = {
				ALWAYS_SEARCH_USER_PATHS = NO;
				CLANG_ANALYZER_NONNULL = YES;
				CLANG_CXX_LANGUAGE_STANDARD = "gnu++0x";
				CLANG_CXX_LIBRARY = "libc++";
				CLANG_ENABLE_MODULES = YES;
				CLANG_ENABLE_OBJC_ARC = YES;
				CLANG_WARN_BOOL_CONVERSION = YES;
				CLANG_WARN_CONSTANT_CONVERSION = YES;
				CLANG_WARN_DIRECT_OBJC_ISA_USAGE = YES_ERROR;
				CLANG_WARN_DOCUMENTATION_COMMENTS = YES;
				CLANG_WARN_EMPTY_BODY = YES;
				CLANG_WARN_ENUM_CONVERSION = YES;
				CLANG_WARN_INFINITE_RECURSION = YES;
				CLANG_WARN_INT_CONVERSION = YES;
				CLANG_WARN_OBJC_ROOT_CLASS = YES_ERROR;
				CLANG_WARN_SUSPICIOUS_MOVE = YES;
				CLANG_WARN_UNREACHABLE_CODE = YES;
				CLANG_WARN__DUPLICATE_METHOD_MATCH = YES;
				"CODE_SIGN_IDENTITY[sdk=iphoneos*]" = "iPhone Developer";
				COPY_PHASE_STRIP = NO;
				DEBUG_INFORMATION_FORMAT = dwarf;
				ENABLE_STRICT_OBJC_MSGSEND = YES;
				ENABLE_TESTABILITY = YES;
				GCC_C_LANGUAGE_STANDARD = gnu99;
				GCC_DYNAMIC_NO_PIC = NO;
				GCC_NO_COMMON_BLOCKS = YES;
				GCC_OPTIMIZATION_LEVEL = 0;
				GCC_PREPROCESSOR_DEFINITIONS = (
					"DEBUG=1",
					"$(inherited)",
				);
				GCC_WARN_64_TO_32_BIT_CONVERSION = YES;
				GCC_WARN_ABOUT_RETURN_TYPE = YES_ERROR;
				GCC_WARN_UNDECLARED_SELECTOR = YES;
				GCC_WARN_UNINITIALIZED_AUTOS = YES_AGGRESSIVE;
				GCC_WARN_UNUSED_FUNCTION = YES;
				GCC_WARN_UNUSED_VARIABLE = YES;
				IPHONEOS_DEPLOYMENT_TARGET = 10.2;
				MTL_ENABLE_DEBUG_INFO = YES;
				ONLY_ACTIVE_ARCH = YES;
				SDKROOT = iphoneos;
				SWIFT_ACTIVE_COMPILATION_CONDITIONS = DEBUG;
				SWIFT_OPTIMIZATION_LEVEL = "-Onone";
			};
			name = Debug;
		};
		462549921E67944200077B34 /* Release */ = {
			isa = XCBuildConfiguration;
			buildSettings = {
				ALWAYS_SEARCH_USER_PATHS = NO;
				CLANG_ANALYZER_NONNULL = YES;
				CLANG_CXX_LANGUAGE_STANDARD = "gnu++0x";
				CLANG_CXX_LIBRARY = "libc++";
				CLANG_ENABLE_MODULES = YES;
				CLANG_ENABLE_OBJC_ARC = YES;
				CLANG_WARN_BOOL_CONVERSION = YES;
				CLANG_WARN_CONSTANT_CONVERSION = YES;
				CLANG_WARN_DIRECT_OBJC_ISA_USAGE = YES_ERROR;
				CLANG_WARN_DOCUMENTATION_COMMENTS = YES;
				CLANG_WARN_EMPTY_BODY = YES;
				CLANG_WARN_ENUM_CONVERSION = YES;
				CLANG_WARN_INFINITE_RECURSION = YES;
				CLANG_WARN_INT_CONVERSION = YES;
				CLANG_WARN_OBJC_ROOT_CLASS = YES_ERROR;
				CLANG_WARN_SUSPICIOUS_MOVE = YES;
				CLANG_WARN_UNREACHABLE_CODE = YES;
				CLANG_WARN__DUPLICATE_METHOD_MATCH = YES;
				"CODE_SIGN_IDENTITY[sdk=iphoneos*]" = "iPhone Developer";
				COPY_PHASE_STRIP = NO;
				DEBUG_INFORMATION_FORMAT = "dwarf-with-dsym";
				ENABLE_NS_ASSERTIONS = NO;
				ENABLE_STRICT_OBJC_MSGSEND = YES;
				GCC_C_LANGUAGE_STANDARD = gnu99;
				GCC_NO_COMMON_BLOCKS = YES;
				GCC_WARN_64_TO_32_BIT_CONVERSION = YES;
				GCC_WARN_ABOUT_RETURN_TYPE = YES_ERROR;
				GCC_WARN_UNDECLARED_SELECTOR = YES;
				GCC_WARN_UNINITIALIZED_AUTOS = YES_AGGRESSIVE;
				GCC_WARN_UNUSED_FUNCTION = YES;
				GCC_WARN_UNUSED_VARIABLE = YES;
				IPHONEOS_DEPLOYMENT_TARGET = 10.2;
				MTL_ENABLE_DEBUG_INFO = NO;
				SDKROOT = iphoneos;
				SWIFT_OPTIMIZATION_LEVEL = "-Owholemodule";
				VALIDATE_PRODUCT = YES;
			};
			name = Release;
		};
		462549941E67944200077B34 /* Debug */ = {
			isa = XCBuildConfiguration;
			buildSettings = {
				ASSETCATALOG_COMPILER_APPICON_NAME = AppIcon;
				INFOPLIST_FILE = Club/Info.plist;
				LD_RUNPATH_SEARCH_PATHS = "$(inherited) @executable_path/Frameworks";
				PRODUCT_BUNDLE_IDENTIFIER = youssefelabd.com.Club;
				PRODUCT_NAME = "$(TARGET_NAME)";
				SWIFT_VERSION = 3.0;
			};
			name = Debug;
		};
		462549951E67944200077B34 /* Release */ = {
			isa = XCBuildConfiguration;
			buildSettings = {
				ASSETCATALOG_COMPILER_APPICON_NAME = AppIcon;
				INFOPLIST_FILE = Club/Info.plist;
				LD_RUNPATH_SEARCH_PATHS = "$(inherited) @executable_path/Frameworks";
				PRODUCT_BUNDLE_IDENTIFIER = youssefelabd.com.Club;
				PRODUCT_NAME = "$(TARGET_NAME)";
				SWIFT_VERSION = 3.0;
			};
			name = Release;
		};
		462549971E67944200077B34 /* Debug */ = {
			isa = XCBuildConfiguration;
			buildSettings = {
				ALWAYS_EMBED_SWIFT_STANDARD_LIBRARIES = YES;
				BUNDLE_LOADER = "$(TEST_HOST)";
				INFOPLIST_FILE = ClubTests/Info.plist;
				LD_RUNPATH_SEARCH_PATHS = "$(inherited) @executable_path/Frameworks @loader_path/Frameworks";
				PRODUCT_BUNDLE_IDENTIFIER = youssefelabd.com.ClubTests;
				PRODUCT_NAME = "$(TARGET_NAME)";
				SWIFT_VERSION = 3.0;
				TEST_HOST = "$(BUILT_PRODUCTS_DIR)/Club.app/Club";
			};
			name = Debug;
		};
		462549981E67944200077B34 /* Release */ = {
			isa = XCBuildConfiguration;
			buildSettings = {
				ALWAYS_EMBED_SWIFT_STANDARD_LIBRARIES = YES;
				BUNDLE_LOADER = "$(TEST_HOST)";
				INFOPLIST_FILE = ClubTests/Info.plist;
				LD_RUNPATH_SEARCH_PATHS = "$(inherited) @executable_path/Frameworks @loader_path/Frameworks";
				PRODUCT_BUNDLE_IDENTIFIER = youssefelabd.com.ClubTests;
				PRODUCT_NAME = "$(TARGET_NAME)";
				SWIFT_VERSION = 3.0;
				TEST_HOST = "$(BUILT_PRODUCTS_DIR)/Club.app/Club";
			};
			name = Release;
		};
		4625499A1E67944200077B34 /* Debug */ = {
			isa = XCBuildConfiguration;
			buildSettings = {
				ALWAYS_EMBED_SWIFT_STANDARD_LIBRARIES = YES;
				INFOPLIST_FILE = ClubUITests/Info.plist;
				LD_RUNPATH_SEARCH_PATHS = "$(inherited) @executable_path/Frameworks @loader_path/Frameworks";
				PRODUCT_BUNDLE_IDENTIFIER = youssefelabd.com.ClubUITests;
				PRODUCT_NAME = "$(TARGET_NAME)";
				SWIFT_VERSION = 3.0;
				TEST_TARGET_NAME = Club;
			};
			name = Debug;
		};
		4625499B1E67944200077B34 /* Release */ = {
			isa = XCBuildConfiguration;
			buildSettings = {
				ALWAYS_EMBED_SWIFT_STANDARD_LIBRARIES = YES;
				INFOPLIST_FILE = ClubUITests/Info.plist;
				LD_RUNPATH_SEARCH_PATHS = "$(inherited) @executable_path/Frameworks @loader_path/Frameworks";
				PRODUCT_BUNDLE_IDENTIFIER = youssefelabd.com.ClubUITests;
				PRODUCT_NAME = "$(TARGET_NAME)";
				SWIFT_VERSION = 3.0;
				TEST_TARGET_NAME = Club;
			};
			name = Release;
		};
/* End XCBuildConfiguration section */

/* Begin XCConfigurationList section */
		462549661E67944200077B34 /* Build configuration list for PBXProject "Club" */ = {
			isa = XCConfigurationList;
			buildConfigurations = (
				462549911E67944200077B34 /* Debug */,
				462549921E67944200077B34 /* Release */,
			);
			defaultConfigurationIsVisible = 0;
			defaultConfigurationName = Release;
		};
		462549931E67944200077B34 /* Build configuration list for PBXNativeTarget "Club" */ = {
			isa = XCConfigurationList;
			buildConfigurations = (
				462549941E67944200077B34 /* Debug */,
				462549951E67944200077B34 /* Release */,
			);
			defaultConfigurationIsVisible = 0;
		};
		462549961E67944200077B34 /* Build configuration list for PBXNativeTarget "ClubTests" */ = {
			isa = XCConfigurationList;
			buildConfigurations = (
				462549971E67944200077B34 /* Debug */,
				462549981E67944200077B34 /* Release */,
			);
			defaultConfigurationIsVisible = 0;
		};
		462549991E67944200077B34 /* Build configuration list for PBXNativeTarget "ClubUITests" */ = {
			isa = XCConfigurationList;
			buildConfigurations = (
				4625499A1E67944200077B34 /* Debug */,
				4625499B1E67944200077B34 /* Release */,
			);
			defaultConfigurationIsVisible = 0;
		};
/* End XCConfigurationList section */
	};
	rootObject = 462549631E67944200077B34 /* Project object */;
}
